
Microsoft Visual Studio Solution File, Format Version 12.00
# Visual Studio Version 16
VisualStudioVersion = 16.0.31729.503
MinimumVisualStudioVersion = 10.0.40219.1
Project("{8BC9CEB8-8B4A-11D0-8D11-00A0C91BC942}") = "1.5oop", "1.5oop\1.5oop.vcxproj", "{2D18E242-9559-441E-8BAA-5E9C1C2D0AA5}"
EndProject
Project("{8BC9CEB8-8B4A-11D0-8D11-00A0C91BC942}") = "UnitTest1", "UnitTest1\UnitTest1.vcxproj", "{D8623000-F3F0-4103-AFDB-878EEF95AF98}"
EndProject
Global
	GlobalSection(SolutionConfigurationPlatforms) = preSolution
		Debug|x64 = Debug|x64
		Debug|x86 = Debug|x86
		Release|x64 = Release|x64
		Release|x86 = Release|x86
	EndGlobalSection
	GlobalSection(ProjectConfigurationPlatforms) = postSolution
		{2D18E242-9559-441E-8BAA-5E9C1C2D0AA5}.Debug|x64.ActiveCfg = Debug|x64
		{2D18E242-9559-441E-8BAA-5E9C1C2D0AA5}.Debug|x64.Build.0 = Debug|x64
		{2D18E242-9559-441E-8BAA-5E9C1C2D0AA5}.Debug|x86.ActiveCfg = Debug|Win32
		{2D18E242-9559-441E-8BAA-5E9C1C2D0AA5}.Debug|x86.Build.0 = Debug|Win32
		{2D18E242-9559-441E-8BAA-5E9C1C2D0AA5}.Release|x64.ActiveCfg = Release|x64
		{2D18E242-9559-441E-8BAA-5E9C1C2D0AA5}.Release|x64.Build.0 = Release|x64
		{2D18E242-9559-441E-8BAA-5E9C1C2D0AA5}.Release|x86.ActiveCfg = Release|Win32
		{2D18E242-9559-441E-8BAA-5E9C1C2D0AA5}.Release|x86.Build.0 = Release|Win32
		{D8623000-F3F0-4103-AFDB-878EEF95AF98}.Debug|x64.ActiveCfg = Debug|x64
		{D8623000-F3F0-4103-AFDB-878EEF95AF98}.Debug|x64.Build.0 = Debug|x64
		{D8623000-F3F0-4103-AFDB-878EEF95AF98}.Debug|x86.ActiveCfg = Debug|Win32
		{D8623000-F3F0-4103-AFDB-878EEF95AF98}.Debug|x86.Build.0 = Debug|Win32
		{D8623000-F3F0-4103-AFDB-878EEF95AF98}.Release|x64.ActiveCfg = Release|x64
		{D8623000-F3F0-4103-AFDB-878EEF95AF98}.Release|x64.Build.0 = Release|x64
		{D8623000-F3F0-4103-AFDB-878EEF95AF98}.Release|x86.ActiveCfg = Release|Win32
		{D8623000-F3F0-4103-AFDB-878EEF95AF98}.Release|x86.Build.0 = Release|Win32
	EndGlobalSection
	GlobalSection(SolutionProperties) = preSolution
		HideSolutionNode = FALSE
	EndGlobalSection
	GlobalSection(ExtensibilityGlobals) = postSolution
		SolutionGuid = {EA47D706-C92E-4FFA-9DE5-871574BC4BB0}
	EndGlobalSection
EndGlobal
